
Microsoft Visual Studio Solution File, Format Version 12.00
# Visual Studio Version 17
VisualStudioVersion = 17.6.33723.286
MinimumVisualStudioVersion = 10.0.40219.1
Project("{FAE04EC0-301F-11D3-BF4B-00C04F79EFBC}") = "CLTTechnicalAssessmentApi", "CLTTechnicalAssessmentApi\CLTTechnicalAssessmentApi.csproj", "{2DCB33EA-1A0E-4DA1-A9B8-4B7D46ACE28F}"
EndProject
Global
	GlobalSection(SolutionConfigurationPlatforms) = preSolution
		Debug|Any CPU = Debug|Any CPU
		Release|Any CPU = Release|Any CPU
	EndGlobalSection
	GlobalSection(ProjectConfigurationPlatforms) = postSolution
		{2DCB33EA-1A0E-4DA1-A9B8-4B7D46ACE28F}.Debug|Any CPU.ActiveCfg = Debug|Any CPU
		{2DCB33EA-1A0E-4DA1-A9B8-4B7D46ACE28F}.Debug|Any CPU.Build.0 = Debug|Any CPU
		{2DCB33EA-1A0E-4DA1-A9B8-4B7D46ACE28F}.Release|Any CPU.ActiveCfg = Release|Any CPU
		{2DCB33EA-1A0E-4DA1-A9B8-4B7D46ACE28F}.Release|Any CPU.Build.0 = Release|Any CPU
	EndGlobalSection
	GlobalSection(SolutionProperties) = preSolution
		HideSolutionNode = FALSE
	EndGlobalSection
	GlobalSection(ExtensibilityGlobals) = postSolution
		SolutionGuid = {4BF8CA34-1C8B-403B-BD7F-FF5C3101C09F}
	EndGlobalSection
EndGlobal
